// !$*UTF8*$!
{
	archiveVersion = 1;
	classes = {
	};
	objectVersion = 46;
	objects = {

/* Begin PBXBuildFile section */
		BD22B97E1C9BBC74007C7C2F /* MusicListViewController.m in Sources */ = {isa = PBXBuildFile; fileRef = BD22B97D1C9BBC74007C7C2F /* MusicListViewController.m */; };
		BD22B97F1C9BBC7C007C7C2F /* MusicListViewController.m in Sources */ = {isa = PBXBuildFile; fileRef = BD22B97D1C9BBC74007C7C2F /* MusicListViewController.m */; };
		BD56161C1C97BDE1008BE0CB /* ArchivingViewController.m in Sources */ = {isa = PBXBuildFile; fileRef = BD56161A1C97BDE1008BE0CB /* ArchivingViewController.m */; };
		BD56161D1C97BDE1008BE0CB /* ArchivingView.xib in Resources */ = {isa = PBXBuildFile; fileRef = BD56161B1C97BDE1008BE0CB /* ArchivingView.xib */; };
		BD63F47D1C916C2E00561D56 /* main.m in Sources */ = {isa = PBXBuildFile; fileRef = BD63F47C1C916C2E00561D56 /* main.m */; };
		BD63F4801C916C2E00561D56 /* AppDelegate.m in Sources */ = {isa = PBXBuildFile; fileRef = BD63F47F1C916C2E00561D56 /* AppDelegate.m */; };
		BD63F4881C916C2F00561D56 /* Assets.xcassets in Resources */ = {isa = PBXBuildFile; fileRef = BD63F4871C916C2F00561D56 /* Assets.xcassets */; };
		BD63F4961C916C2F00561D56 /* iMusicTests.m in Sources */ = {isa = PBXBuildFile; fileRef = BD63F4951C916C2F00561D56 /* iMusicTests.m */; };
		BD63F4A61C91835900561D56 /* MainViewController.m in Sources */ = {isa = PBXBuildFile; fileRef = BD63F4A51C91835900561D56 /* MainViewController.m */; };
		BD63F4A71C91835900561D56 /* MainViewController.m in Sources */ = {isa = PBXBuildFile; fileRef = BD63F4A51C91835900561D56 /* MainViewController.m */; };
		BD63F4A91C91848400561D56 /* MainView.xib in Resources */ = {isa = PBXBuildFile; fileRef = BD63F4A81C91848400561D56 /* MainView.xib */; };
		BD63F4AA1C91848400561D56 /* MainView.xib in Resources */ = {isa = PBXBuildFile; fileRef = BD63F4A81C91848400561D56 /* MainView.xib */; };
		BD63F4AE1C927DA100561D56 /* AboutViewController.m in Sources */ = {isa = PBXBuildFile; fileRef = BD63F4AC1C927DA100561D56 /* AboutViewController.m */; };
		BD63F4AF1C927DA100561D56 /* AboutViewController.m in Sources */ = {isa = PBXBuildFile; fileRef = BD63F4AC1C927DA100561D56 /* AboutViewController.m */; };
		BD63F4B01C927DA100561D56 /* AboutView.xib in Resources */ = {isa = PBXBuildFile; fileRef = BD63F4AD1C927DA100561D56 /* AboutView.xib */; };
		BD63F4B11C927DA100561D56 /* AboutView.xib in Resources */ = {isa = PBXBuildFile; fileRef = BD63F4AD1C927DA100561D56 /* AboutView.xib */; };
		BDF5E7241C966B520023D5A4 /* Artist.m in Sources */ = {isa = PBXBuildFile; fileRef = BDF5E7231C966B520023D5A4 /* Artist.m */; };
		BDF5E7251C966B520023D5A4 /* Artist.m in Sources */ = {isa = PBXBuildFile; fileRef = BDF5E7231C966B520023D5A4 /* Artist.m */; };
		BDF5E7281C97AD530023D5A4 /* Album.m in Sources */ = {isa = PBXBuildFile; fileRef = BDF5E7271C97AD530023D5A4 /* Album.m */; };
		BDF5E7291C97AD530023D5A4 /* Album.m in Sources */ = {isa = PBXBuildFile; fileRef = BDF5E7271C97AD530023D5A4 /* Album.m */; };
/* End PBXBuildFile section */

/* Begin PBXContainerItemProxy section */
		BD63F4921C916C2F00561D56 /* PBXContainerItemProxy */ = {
			isa = PBXContainerItemProxy;
			containerPortal = BD63F4701C916C2E00561D56 /* Project object */;
			proxyType = 1;
			remoteGlobalIDString = BD63F4771C916C2E00561D56;
			remoteInfo = iMusic;
		};
/* End PBXContainerItemProxy section */

/* Begin PBXFileReference section */
		BD22B97C1C9BBC73007C7C2F /* MusicListViewController.h */ = {isa = PBXFileReference; fileEncoding = 4; lastKnownFileType = sourcecode.c.h; path = MusicListViewController.h; sourceTree = "<group>"; };
		BD22B97D1C9BBC74007C7C2F /* MusicListViewController.m */ = {isa = PBXFileReference; fileEncoding = 4; lastKnownFileType = sourcecode.c.objc; path = MusicListViewController.m; sourceTree = "<group>"; };
		BD5616191C97BDE1008BE0CB /* ArchivingViewController.h */ = {isa = PBXFileReference; fileEncoding = 4; lastKnownFileType = sourcecode.c.h; path = ArchivingViewController.h; sourceTree = "<group>"; };
		BD56161A1C97BDE1008BE0CB /* ArchivingViewController.m */ = {isa = PBXFileReference; fileEncoding = 4; lastKnownFileType = sourcecode.c.objc; path = ArchivingViewController.m; sourceTree = "<group>"; };
		BD56161B1C97BDE1008BE0CB /* ArchivingView.xib */ = {isa = PBXFileReference; fileEncoding = 4; lastKnownFileType = file.xib; path = ArchivingView.xib; sourceTree = "<group>"; };
		BD63F4781C916C2E00561D56 /* iMusic.app */ = {isa = PBXFileReference; explicitFileType = wrapper.application; includeInIndex = 0; path = iMusic.app; sourceTree = BUILT_PRODUCTS_DIR; };
		BD63F47C1C916C2E00561D56 /* main.m */ = {isa = PBXFileReference; lastKnownFileType = sourcecode.c.objc; path = main.m; sourceTree = "<group>"; };
		BD63F47E1C916C2E00561D56 /* AppDelegate.h */ = {isa = PBXFileReference; lastKnownFileType = sourcecode.c.h; path = AppDelegate.h; sourceTree = "<group>"; };
		BD63F47F1C916C2E00561D56 /* AppDelegate.m */ = {isa = PBXFileReference; lastKnownFileType = sourcecode.c.objc; path = AppDelegate.m; sourceTree = "<group>"; };
		BD63F4871C916C2F00561D56 /* Assets.xcassets */ = {isa = PBXFileReference; lastKnownFileType = folder.assetcatalog; path = Assets.xcassets; sourceTree = "<group>"; };
		BD63F48C1C916C2F00561D56 /* Info.plist */ = {isa = PBXFileReference; lastKnownFileType = text.plist.xml; path = Info.plist; sourceTree = "<group>"; };
		BD63F4911C916C2F00561D56 /* iMusicTests.xctest */ = {isa = PBXFileReference; explicitFileType = wrapper.cfbundle; includeInIndex = 0; path = iMusicTests.xctest; sourceTree = BUILT_PRODUCTS_DIR; };
		BD63F4951C916C2F00561D56 /* iMusicTests.m */ = {isa = PBXFileReference; lastKnownFileType = sourcecode.c.objc; path = iMusicTests.m; sourceTree = "<group>"; };
		BD63F4971C916C2F00561D56 /* Info.plist */ = {isa = PBXFileReference; lastKnownFileType = text.plist.xml; path = Info.plist; sourceTree = "<group>"; };
		BD63F4A41C91835900561D56 /* MainViewController.h */ = {isa = PBXFileReference; fileEncoding = 4; lastKnownFileType = sourcecode.c.h; name = MainViewController.h; path = ../MainViewController.h; sourceTree = "<group>"; };
		BD63F4A51C91835900561D56 /* MainViewController.m */ = {isa = PBXFileReference; fileEncoding = 4; lastKnownFileType = sourcecode.c.objc; name = MainViewController.m; path = ../MainViewController.m; sourceTree = "<group>"; };
		BD63F4A81C91848400561D56 /* MainView.xib */ = {isa = PBXFileReference; fileEncoding = 4; lastKnownFileType = file.xib; path = MainView.xib; sourceTree = "<group>"; };
		BD63F4AB1C927DA100561D56 /* AboutViewController.h */ = {isa = PBXFileReference; fileEncoding = 4; lastKnownFileType = sourcecode.c.h; name = AboutViewController.h; path = ../AboutViewController.h; sourceTree = "<group>"; };
		BD63F4AC1C927DA100561D56 /* AboutViewController.m */ = {isa = PBXFileReference; fileEncoding = 4; lastKnownFileType = sourcecode.c.objc; name = AboutViewController.m; path = ../AboutViewController.m; sourceTree = "<group>"; };
		BD63F4AD1C927DA100561D56 /* AboutView.xib */ = {isa = PBXFileReference; fileEncoding = 4; lastKnownFileType = file.xib; name = AboutView.xib; path = ../AboutView.xib; sourceTree = "<group>"; };
		BD63F4B61C92A7E000561D56 /* iMusic-prefix.pch */ = {isa = PBXFileReference; fileEncoding = 4; lastKnownFileType = sourcecode.c.h; path = "iMusic-prefix.pch"; sourceTree = "<group>"; };
		BDF5E7221C966B520023D5A4 /* Artist.h */ = {isa = PBXFileReference; fileEncoding = 4; lastKnownFileType = sourcecode.c.h; path = Artist.h; sourceTree = "<group>"; };
		BDF5E7231C966B520023D5A4 /* Artist.m */ = {isa = PBXFileReference; fileEncoding = 4; lastKnownFileType = sourcecode.c.objc; path = Artist.m; sourceTree = "<group>"; };
		BDF5E7261C97AD530023D5A4 /* Album.h */ = {isa = PBXFileReference; fileEncoding = 4; lastKnownFileType = sourcecode.c.h; path = Album.h; sourceTree = "<group>"; };
		BDF5E7271C97AD530023D5A4 /* Album.m */ = {isa = PBXFileReference; fileEncoding = 4; lastKnownFileType = sourcecode.c.objc; path = Album.m; sourceTree = "<group>"; };
/* End PBXFileReference section */

/* Begin PBXFrameworksBuildPhase section */
		BD63F4751C916C2E00561D56 /* Frameworks */ = {
			isa = PBXFrameworksBuildPhase;
			buildActionMask = 2147483647;
			files = (
			);
			runOnlyForDeploymentPostprocessing = 0;
		};
		BD63F48E1C916C2F00561D56 /* Frameworks */ = {
			isa = PBXFrameworksBuildPhase;
			buildActionMask = 2147483647;
			files = (
			);
			runOnlyForDeploymentPostprocessing = 0;
		};
/* End PBXFrameworksBuildPhase section */

/* Begin PBXGroup section */
		BD63F46F1C916C2E00561D56 = {
			isa = PBXGroup;
			children = (
				BD63F47A1C916C2E00561D56 /* iMusic */,
				BD63F4941C916C2F00561D56 /* iMusicTests */,
				BD63F4791C916C2E00561D56 /* Products */,
			);
			sourceTree = "<group>";
		};
		BD63F4791C916C2E00561D56 /* Products */ = {
			isa = PBXGroup;
			children = (
				BD63F4781C916C2E00561D56 /* iMusic.app */,
				BD63F4911C916C2F00561D56 /* iMusicTests.xctest */,
			);
			name = Products;
			sourceTree = "<group>";
		};
		BD63F47A1C916C2E00561D56 /* iMusic */ = {
			isa = PBXGroup;
			children = (
				BD63F47E1C916C2E00561D56 /* AppDelegate.h */,
				BD63F47F1C916C2E00561D56 /* AppDelegate.m */,
				BD63F4871C916C2F00561D56 /* Assets.xcassets */,
				BDF5E7201C96684B0023D5A4 /* Controllers */,
				BDF5E71F1C9667790023D5A4 /* Models */,
				BD63F47B1C916C2E00561D56 /* Supporting Files */,
			);
			path = iMusic;
			sourceTree = "<group>";
		};
		BD63F47B1C916C2E00561D56 /* Supporting Files */ = {
			isa = PBXGroup;
			children = (
				BD63F48C1C916C2F00561D56 /* Info.plist */,
				BD63F47C1C916C2E00561D56 /* main.m */,
				BD63F4B61C92A7E000561D56 /* iMusic-prefix.pch */,
			);
			name = "Supporting Files";
			sourceTree = "<group>";
		};
		BD63F4941C916C2F00561D56 /* iMusicTests */ = {
			isa = PBXGroup;
			children = (
				BD63F4951C916C2F00561D56 /* iMusicTests.m */,
				BD63F4971C916C2F00561D56 /* Info.plist */,
			);
			path = iMusicTests;
			sourceTree = "<group>";
		};
		BDF5E71F1C9667790023D5A4 /* Models */ = {
			isa = PBXGroup;
			children = (
				BDF5E7221C966B520023D5A4 /* Artist.h */,
				BDF5E7231C966B520023D5A4 /* Artist.m */,
				BDF5E7261C97AD530023D5A4 /* Album.h */,
				BDF5E7271C97AD530023D5A4 /* Album.m */,
			);
			name = Models;
			sourceTree = "<group>";
		};
		BDF5E7201C96684B0023D5A4 /* Controllers */ = {
			isa = PBXGroup;
			children = (
				BD63F4AB1C927DA100561D56 /* AboutViewController.h */,
				BD63F4AC1C927DA100561D56 /* AboutViewController.m */,
				BD63F4AD1C927DA100561D56 /* AboutView.xib */,
				BD63F4A41C91835900561D56 /* MainViewController.h */,
				BD63F4A51C91835900561D56 /* MainViewController.m */,
				BD63F4A81C91848400561D56 /* MainView.xib */,
				BD22B97C1C9BBC73007C7C2F /* MusicListViewController.h */,
				BD22B97D1C9BBC74007C7C2F /* MusicListViewController.m */,
				BD5616191C97BDE1008BE0CB /* ArchivingViewController.h */,
				BD56161A1C97BDE1008BE0CB /* ArchivingViewController.m */,
				BD56161B1C97BDE1008BE0CB /* ArchivingView.xib */,
			);
			name = Controllers;
			sourceTree = "<group>";
		};
/* End PBXGroup section */

/* Begin PBXNativeTarget section */
		BD63F4771C916C2E00561D56 /* iMusic */ = {
			isa = PBXNativeTarget;
			buildConfigurationList = BD63F49A1C916C2F00561D56 /* Build configuration list for PBXNativeTarget "iMusic" */;
			buildPhases = (
				BD63F4741C916C2E00561D56 /* Sources */,
				BD63F4751C916C2E00561D56 /* Frameworks */,
				BD63F4761C916C2E00561D56 /* Resources */,
			);
			buildRules = (
			);
			dependencies = (
			);
			name = iMusic;
			productName = iMusic;
			productReference = BD63F4781C916C2E00561D56 /* iMusic.app */;
			productType = "com.apple.product-type.application";
		};
		BD63F4901C916C2F00561D56 /* iMusicTests */ = {
			isa = PBXNativeTarget;
			buildConfigurationList = BD63F49D1C916C2F00561D56 /* Build configuration list for PBXNativeTarget "iMusicTests" */;
			buildPhases = (
				BD63F48D1C916C2F00561D56 /* Sources */,
				BD63F48E1C916C2F00561D56 /* Frameworks */,
				BD63F48F1C916C2F00561D56 /* Resources */,
			);
			buildRules = (
			);
			dependencies = (
				BD63F4931C916C2F00561D56 /* PBXTargetDependency */,
			);
			name = iMusicTests;
			productName = iMusicTests;
			productReference = BD63F4911C916C2F00561D56 /* iMusicTests.xctest */;
			productType = "com.apple.product-type.bundle.unit-test";
		};
/* End PBXNativeTarget section */

/* Begin PBXProject section */
		BD63F4701C916C2E00561D56 /* Project object */ = {
			isa = PBXProject;
			attributes = {
				LastUpgradeCheck = 0720;
				ORGANIZATIONNAME = "Streetdirectory Pte Ltd";
				TargetAttributes = {
					BD63F4771C916C2E00561D56 = {
						CreatedOnToolsVersion = 7.2.1;
					};
					BD63F4901C916C2F00561D56 = {
						CreatedOnToolsVersion = 7.2.1;
						TestTargetID = BD63F4771C916C2E00561D56;
					};
				};
			};
			buildConfigurationList = BD63F4731C916C2E00561D56 /* Build configuration list for PBXProject "iMusic" */;
			compatibilityVersion = "Xcode 3.2";
			developmentRegion = English;
			hasScannedForEncodings = 0;
			knownRegions = (
				en,
				Base,
			);
			mainGroup = BD63F46F1C916C2E00561D56;
			productRefGroup = BD63F4791C916C2E00561D56 /* Products */;
			projectDirPath = "";
			projectRoot = "";
			targets = (
				BD63F4771C916C2E00561D56 /* iMusic */,
				BD63F4901C916C2F00561D56 /* iMusicTests */,
			);
		};
/* End PBXProject section */

/* Begin PBXResourcesBuildPhase section */
		BD63F4761C916C2E00561D56 /* Resources */ = {
			isa = PBXResourcesBuildPhase;
			buildActionMask = 2147483647;
			files = (
				BD63F4881C916C2F00561D56 /* Assets.xcassets in Resources */,
				BD63F4A91C91848400561D56 /* MainView.xib in Resources */,
				BD56161D1C97BDE1008BE0CB /* ArchivingView.xib in Resources */,
				BD63F4B01C927DA100561D56 /* AboutView.xib in Resources */,
			);
			runOnlyForDeploymentPostprocessing = 0;
		};
		BD63F48F1C916C2F00561D56 /* Resources */ = {
			isa = PBXResourcesBuildPhase;
			buildActionMask = 2147483647;
			files = (
				BD63F4AA1C91848400561D56 /* MainView.xib in Resources */,
				BD63F4B11C927DA100561D56 /* AboutView.xib in Resources */,
			);
			runOnlyForDeploymentPostprocessing = 0;
		};
/* End PBXResourcesBuildPhase section */

/* Begin PBXSourcesBuildPhase section */
		BD63F4741C916C2E00561D56 /* Sources */ = {
			isa = PBXSourcesBuildPhase;
			buildActionMask = 2147483647;
			files = (
				BD63F4801C916C2E00561D56 /* AppDelegate.m in Sources */,
				BD63F4A61C91835900561D56 /* MainViewController.m in Sources */,
				BD56161C1C97BDE1008BE0CB /* ArchivingViewController.m in Sources */,
				BD63F47D1C916C2E00561D56 /* main.m in Sources */,
				BD22B97E1C9BBC74007C7C2F /* MusicListViewController.m in Sources */,
				BDF5E7281C97AD530023D5A4 /* Album.m in Sources */,
				BD63F4AE1C927DA100561D56 /* AboutViewController.m in Sources */,
				BDF5E7241C966B520023D5A4 /* Artist.m in Sources */,
			);
			runOnlyForDeploymentPostprocessing = 0;
		};
		BD63F48D1C916C2F00561D56 /* Sources */ = {
			isa = PBXSourcesBuildPhase;
			buildActionMask = 2147483647;
			files = (
				BD63F4AF1C927DA100561D56 /* AboutViewController.m in Sources */,
				BD63F4961C916C2F00561D56 /* iMusicTests.m in Sources */,
				BD22B97F1C9BBC7C007C7C2F /* MusicListViewController.m in Sources */,
				BDF5E7251C966B520023D5A4 /* Artist.m in Sources */,
				BDF5E7291C97AD530023D5A4 /* Album.m in Sources */,
				BD63F4A71C91835900561D56 /* MainViewController.m in Sources */,
			);
			runOnlyForDeploymentPostprocessing = 0;
		};
/* End PBXSourcesBuildPhase section */

/* Begin PBXTargetDependency section */
		BD63F4931C916C2F00561D56 /* PBXTargetDependency */ = {
			isa = PBXTargetDependency;
			target = BD63F4771C916C2E00561D56 /* iMusic */;
			targetProxy = BD63F4921C916C2F00561D56 /* PBXContainerItemProxy */;
		};
/* End PBXTargetDependency section */

/* Begin XCBuildConfiguration section */
		BD63F4981C916C2F00561D56 /* Debug */ = {
			isa = XCBuildConfiguration;
			buildSettings = {
				ALWAYS_SEARCH_USER_PATHS = NO;
				CLANG_CXX_LANGUAGE_STANDARD = "gnu++0x";
				CLANG_CXX_LIBRARY = "libc++";
				CLANG_ENABLE_MODULES = YES;
				CLANG_ENABLE_OBJC_ARC = YES;
				CLANG_WARN_BOOL_CONVERSION = YES;
				CLANG_WARN_CONSTANT_CONVERSION = YES;
				CLANG_WARN_DIRECT_OBJC_ISA_USAGE = YES_ERROR;
				CLANG_WARN_EMPTY_BODY = YES;
				CLANG_WARN_ENUM_CONVERSION = YES;
				CLANG_WARN_INT_CONVERSION = YES;
				CLANG_WARN_OBJC_ROOT_CLASS = YES_ERROR;
				CLANG_WARN_UNREACHABLE_CODE = YES;
				CLANG_WARN__DUPLICATE_METHOD_MATCH = YES;
				"CODE_SIGN_IDENTITY[sdk=iphoneos*]" = "iPhone Developer";
				COPY_PHASE_STRIP = NO;
				DEBUG_INFORMATION_FORMAT = dwarf;
				ENABLE_STRICT_OBJC_MSGSEND = YES;
				ENABLE_TESTABILITY = YES;
				GCC_C_LANGUAGE_STANDARD = gnu99;
				GCC_DYNAMIC_NO_PIC = NO;
				GCC_NO_COMMON_BLOCKS = YES;
				GCC_OPTIMIZATION_LEVEL = 0;
				GCC_PREPROCESSOR_DEFINITIONS = (
					"DEBUG=1",
					"$(inherited)",
				);
				GCC_WARN_64_TO_32_BIT_CONVERSION = YES;
				GCC_WARN_ABOUT_RETURN_TYPE = YES_ERROR;
				GCC_WARN_UNDECLARED_SELECTOR = YES;
				GCC_WARN_UNINITIALIZED_AUTOS = YES_AGGRESSIVE;
				GCC_WARN_UNUSED_FUNCTION = YES;
				GCC_WARN_UNUSED_VARIABLE = YES;
				IPHONEOS_DEPLOYMENT_TARGET = 9.2;
				MTL_ENABLE_DEBUG_INFO = YES;
				ONLY_ACTIVE_ARCH = YES;
				SDKROOT = iphoneos;
			};
			name = Debug;
		};
		BD63F4991C916C2F00561D56 /* Release */ = {
			isa = XCBuildConfiguration;
			buildSettings = {
				ALWAYS_SEARCH_USER_PATHS = NO;
				CLANG_CXX_LANGUAGE_STANDARD = "gnu++0x";
				CLANG_CXX_LIBRARY = "libc++";
				CLANG_ENABLE_MODULES = YES;
				CLANG_ENABLE_OBJC_ARC = YES;
				CLANG_WARN_BOOL_CONVERSION = YES;
				CLANG_WARN_CONSTANT_CONVERSION = YES;
				CLANG_WARN_DIRECT_OBJC_ISA_USAGE = YES_ERROR;
				CLANG_WARN_EMPTY_BODY = YES;
				CLANG_WARN_ENUM_CONVERSION = YES;
				CLANG_WARN_INT_CONVERSION = YES;
				CLANG_WARN_OBJC_ROOT_CLASS = YES_ERROR;
				CLANG_WARN_UNREACHABLE_CODE = YES;
				CLANG_WARN__DUPLICATE_METHOD_MATCH = YES;
				"CODE_SIGN_IDENTITY[sdk=iphoneos*]" = "iPhone Developer";
				COPY_PHASE_STRIP = NO;
				DEBUG_INFORMATION_FORMAT = "dwarf-with-dsym";
				ENABLE_NS_ASSERTIONS = NO;
				ENABLE_STRICT_OBJC_MSGSEND = YES;
				GCC_C_LANGUAGE_STANDARD = gnu99;
				GCC_NO_COMMON_BLOCKS = YES;
				GCC_WARN_64_TO_32_BIT_CONVERSION = YES;
				GCC_WARN_ABOUT_RETURN_TYPE = YES_ERROR;
				GCC_WARN_UNDECLARED_SELECTOR = YES;
				GCC_WARN_UNINITIALIZED_AUTOS = YES_AGGRESSIVE;
				GCC_WARN_UNUSED_FUNCTION = YES;
				GCC_WARN_UNUSED_VARIABLE = YES;
				IPHONEOS_DEPLOYMENT_TARGET = 9.2;
				MTL_ENABLE_DEBUG_INFO = NO;
				SDKROOT = iphoneos;
				VALIDATE_PRODUCT = YES;
			};
			name = Release;
		};
		BD63F49B1C916C2F00561D56 /* Debug */ = {
			isa = XCBuildConfiguration;
			buildSettings = {
				ASSETCATALOG_COMPILER_APPICON_NAME = AppIcon;
				GCC_PRECOMPILE_PREFIX_HEADER = YES;
				GCC_PREFIX_HEADER = "iMusic/iMusic-prefix.pch";
				INFOPLIST_FILE = iMusic/Info.plist;
				LD_RUNPATH_SEARCH_PATHS = "$(inherited) @executable_path/Frameworks";
				PRODUCT_BUNDLE_IDENTIFIER = com.streetdirectory.iMusic;
				PRODUCT_NAME = "$(TARGET_NAME)";
			};
			name = Debug;
		};
		BD63F49C1C916C2F00561D56 /* Release */ = {
			isa = XCBuildConfiguration;
			buildSettings = {
				ASSETCATALOG_COMPILER_APPICON_NAME = AppIcon;
				GCC_PRECOMPILE_PREFIX_HEADER = YES;
				GCC_PREFIX_HEADER = "iMusic/iMusic-prefix.pch";
				INFOPLIST_FILE = iMusic/Info.plist;
				LD_RUNPATH_SEARCH_PATHS = "$(inherited) @executable_path/Frameworks";
				PRODUCT_BUNDLE_IDENTIFIER = com.streetdirectory.iMusic;
				PRODUCT_NAME = "$(TARGET_NAME)";
			};
			name = Release;
		};
		BD63F49E1C916C2F00561D56 /* Debug */ = {
			isa = XCBuildConfiguration;
			buildSettings = {
				BUNDLE_LOADER = "$(TEST_HOST)";
				INFOPLIST_FILE = iMusicTests/Info.plist;
				LD_RUNPATH_SEARCH_PATHS = "$(inherited) @executable_path/Frameworks @loader_path/Frameworks";
				PRODUCT_BUNDLE_IDENTIFIER = com.streetdirectory.iMusicTests;
				PRODUCT_NAME = "$(TARGET_NAME)";
				TEST_HOST = "$(BUILT_PRODUCTS_DIR)/iMusic.app/iMusic";
			};
			name = Debug;
		};
		BD63F49F1C916C2F00561D56 /* Release */ = {
			isa = XCBuildConfiguration;
			buildSettings = {
				BUNDLE_LOADER = "$(TEST_HOST)";
				INFOPLIST_FILE = iMusicTests/Info.plist;
				LD_RUNPATH_SEARCH_PATHS = "$(inherited) @executable_path/Frameworks @loader_path/Frameworks";
				PRODUCT_BUNDLE_IDENTIFIER = com.streetdirectory.iMusicTests;
				PRODUCT_NAME = "$(TARGET_NAME)";
				TEST_HOST = "$(BUILT_PRODUCTS_DIR)/iMusic.app/iMusic";
			};
			name = Release;
		};
/* End XCBuildConfiguration section */

/* Begin XCConfigurationList section */
		BD63F4731C916C2E00561D56 /* Build configuration list for PBXProject "iMusic" */ = {
			isa = XCConfigurationList;
			buildConfigurations = (
				BD63F4981C916C2F00561D56 /* Debug */,
				BD63F4991C916C2F00561D56 /* Release */,
			);
			defaultConfigurationIsVisible = 0;
			defaultConfigurationName = Release;
		};
		BD63F49A1C916C2F00561D56 /* Build configuration list for PBXNativeTarget "iMusic" */ = {
			isa = XCConfigurationList;
			buildConfigurations = (
				BD63F49B1C916C2F00561D56 /* Debug */,
				BD63F49C1C916C2F00561D56 /* Release */,
			);
			defaultConfigurationIsVisible = 0;
			defaultConfigurationName = Release;
		};
		BD63F49D1C916C2F00561D56 /* Build configuration list for PBXNativeTarget "iMusicTests" */ = {
			isa = XCConfigurationList;
			buildConfigurations = (
				BD63F49E1C916C2F00561D56 /* Debug */,
				BD63F49F1C916C2F00561D56 /* Release */,
			);
			defaultConfigurationIsVisible = 0;
			defaultConfigurationName = Release;
		};
/* End XCConfigurationList section */
	};
	rootObject = BD63F4701C916C2E00561D56 /* Project object */;
}
